# This file is generated by running "yarn install" inside your project.
# Manual changes might be lost - proceed with caution!

__metadata:
  version: 8
  cacheKey: 10

"@babel/runtime@npm:^7.24.0":
  version: 7.24.0
  resolution: "@babel/runtime@npm:7.24.0"
  dependencies:
    regenerator-runtime: "npm:^0.14.0"
  checksum: 10/8d32c7e116606ea322b89f9fde8ffae6be9503b549dc0d0abb38bd9dc26e87469b9fb7a66964cc089ee558fd0a97d304fb0a3cfec140694764fb0d71b6a6f5e4
  languageName: node
  linkType: hard

"@discordjs/builders@npm:^1.7.0":
  version: 1.7.0
  resolution: "@discordjs/builders@npm:1.7.0"
  dependencies:
    "@discordjs/formatters": "npm:^0.3.3"
    "@discordjs/util": "npm:^1.0.2"
    "@sapphire/shapeshift": "npm:^3.9.3"
    discord-api-types: "npm:0.37.61"
    fast-deep-equal: "npm:^3.1.3"
    ts-mixer: "npm:^6.0.3"
    tslib: "npm:^2.6.2"
  checksum: 10/1152d8989ec51e625bc66b87e11322de3ce1ea62cdd9f1b6cc40feabaede9dfe6a1dc283c0b10ac1eae815ebe85853b6231f0a6b895124f4b9dd96bee9f99f0c
  languageName: node
  linkType: hard

"@discordjs/collection@npm:1.5.3":
  version: 1.5.3
  resolution: "@discordjs/collection@npm:1.5.3"
  checksum: 10/770d0576612555c848858ead2a6c6242252f51ae3a7a6fdcc4986ceeb330ed8cffb81bcd1819e1ef11cce946cb9e707791926e757985cc2e081e984012c08dad
  languageName: node
  linkType: hard

"@discordjs/collection@npm:^2.0.0":
  version: 2.0.0
  resolution: "@discordjs/collection@npm:2.0.0"
  checksum: 10/58e91ed7f29671c1c6fe98d2e23599100c1098fe26e0ca71ff52e15bacd95407e0b56c69155403a81e07d9abf208aa39f57404e80f5d2f6fb37c150e1262265a
  languageName: node
  linkType: hard

"@discordjs/formatters@npm:^0.3.3":
  version: 0.3.3
  resolution: "@discordjs/formatters@npm:0.3.3"
  dependencies:
    discord-api-types: "npm:0.37.61"
  checksum: 10/372f5b03dc770f9640c7b90b6cbec22d4965b8af57824c67e55adf3c012bb5d1c3f312f286abb439b9e0790023b72b85b43d1b7237a2faecf52d79dbff1dbf25
  languageName: node
  linkType: hard

"@discordjs/rest@npm:^2.1.0":
  version: 2.2.0
  resolution: "@discordjs/rest@npm:2.2.0"
  dependencies:
    "@discordjs/collection": "npm:^2.0.0"
    "@discordjs/util": "npm:^1.0.2"
    "@sapphire/async-queue": "npm:^1.5.0"
    "@sapphire/snowflake": "npm:^3.5.1"
    "@vladfrangu/async_event_emitter": "npm:^2.2.2"
    discord-api-types: "npm:0.37.61"
    magic-bytes.js: "npm:^1.5.0"
    tslib: "npm:^2.6.2"
    undici: "npm:5.27.2"
  checksum: 10/213245a3137b6cf1636d904fd105300df9b0e352c28f0e96323046dd8c62da59f4d60503e82b8a500bc07398054f2f479bff5c99d2fa66cf1cef77f4a98e0f98
  languageName: node
  linkType: hard

"@discordjs/util@npm:^1.0.2":
  version: 1.0.2
  resolution: "@discordjs/util@npm:1.0.2"
  checksum: 10/a72343b2c7576110af7a7d57aab4a98830dd7cdadeca7cb21983f3a67b964871389d15324623a01d59006659644ad91419445876e203ef4e172ce8958d724618
  languageName: node
  linkType: hard

"@discordjs/ws@npm:^1.0.2":
  version: 1.0.2
  resolution: "@discordjs/ws@npm:1.0.2"
  dependencies:
    "@discordjs/collection": "npm:^2.0.0"
    "@discordjs/rest": "npm:^2.1.0"
    "@discordjs/util": "npm:^1.0.2"
    "@sapphire/async-queue": "npm:^1.5.0"
    "@types/ws": "npm:^8.5.9"
    "@vladfrangu/async_event_emitter": "npm:^2.2.2"
    discord-api-types: "npm:0.37.61"
    tslib: "npm:^2.6.2"
    ws: "npm:^8.14.2"
  checksum: 10/83254ffb68f40b790ce1778a4412e2dfcf5be70488b84c232489fd1d05a70e4c2ccfbebc26e16435a8a315ad38e41e81fc6d97622d8d9c7663a169be527a0636
  languageName: node
  linkType: hard

"@fastify/busboy@npm:^2.0.0":
  version: 2.1.1
  resolution: "@fastify/busboy@npm:2.1.1"
  checksum: 10/2bb8a7eca8289ed14c9eb15239bc1019797454624e769b39a0b90ed204d032403adc0f8ed0d2aef8a18c772205fa7808cf5a1b91f21c7bfc7b6032150b1062c5
  languageName: node
  linkType: hard

"@kwsites/file-exists@npm:^1.1.1":
  version: 1.1.1
  resolution: "@kwsites/file-exists@npm:1.1.1"
  dependencies:
    debug: "npm:^4.1.1"
  checksum: 10/4ff945de7293285133aeae759caddc71e73c4a44a12fac710fdd4f574cce2671a3f89d8165fdb03d383cfc97f3f96f677d8de3c95133da3d0e12a123a23109fe
  languageName: node
  linkType: hard

"@kwsites/promise-deferred@npm:^1.1.1":
  version: 1.1.1
  resolution: "@kwsites/promise-deferred@npm:1.1.1"
  checksum: 10/07455477a0123d9a38afb503739eeff2c5424afa8d3dbdcc7f9502f13604488a4b1d9742fc7288832a52a6422cf1e1c0a1d51f69a39052f14d27c9a0420b6629
  languageName: node
  linkType: hard

"@napi-rs/canvas-android-arm64@npm:0.1.51":
  version: 0.1.51
  resolution: "@napi-rs/canvas-android-arm64@npm:0.1.51"
  conditions: os=android & cpu=arm64
  languageName: node
  linkType: hard

"@napi-rs/canvas-darwin-arm64@npm:0.1.51":
  version: 0.1.51
  resolution: "@napi-rs/canvas-darwin-arm64@npm:0.1.51"
  conditions: os=darwin & cpu=arm64
  languageName: node
  linkType: hard

"@napi-rs/canvas-darwin-x64@npm:0.1.51":
  version: 0.1.51
  resolution: "@napi-rs/canvas-darwin-x64@npm:0.1.51"
  conditions: os=darwin & cpu=x64
  languageName: node
  linkType: hard

"@napi-rs/canvas-linux-arm-gnueabihf@npm:0.1.51":
  version: 0.1.51
  resolution: "@napi-rs/canvas-linux-arm-gnueabihf@npm:0.1.51"
  conditions: os=linux & cpu=arm
  languageName: node
  linkType: hard

"@napi-rs/canvas-linux-arm64-gnu@npm:0.1.51":
  version: 0.1.51
  resolution: "@napi-rs/canvas-linux-arm64-gnu@npm:0.1.51"
  conditions: os=linux & cpu=arm64 & libc=glibc
  languageName: node
  linkType: hard

"@napi-rs/canvas-linux-arm64-musl@npm:0.1.51":
  version: 0.1.51
  resolution: "@napi-rs/canvas-linux-arm64-musl@npm:0.1.51"
  conditions: os=linux & cpu=arm64 & libc=musl
  languageName: node
  linkType: hard

"@napi-rs/canvas-linux-x64-gnu@npm:0.1.51":
  version: 0.1.51
  resolution: "@napi-rs/canvas-linux-x64-gnu@npm:0.1.51"
  conditions: os=linux & cpu=x64 & libc=glibc
  languageName: node
  linkType: hard

"@napi-rs/canvas-linux-x64-musl@npm:0.1.51":
  version: 0.1.51
  resolution: "@napi-rs/canvas-linux-x64-musl@npm:0.1.51"
  conditions: os=linux & cpu=x64 & libc=musl
  languageName: node
  linkType: hard

"@napi-rs/canvas-win32-x64-msvc@npm:0.1.51":
  version: 0.1.51
  resolution: "@napi-rs/canvas-win32-x64-msvc@npm:0.1.51"
  conditions: os=win32 & cpu=x64
  languageName: node
  linkType: hard

"@napi-rs/canvas@npm:0.1.51":
  version: 0.1.51
  resolution: "@napi-rs/canvas@npm:0.1.51"
  dependencies:
    "@napi-rs/canvas-android-arm64": "npm:0.1.51"
    "@napi-rs/canvas-darwin-arm64": "npm:0.1.51"
    "@napi-rs/canvas-darwin-x64": "npm:0.1.51"
    "@napi-rs/canvas-linux-arm-gnueabihf": "npm:0.1.51"
    "@napi-rs/canvas-linux-arm64-gnu": "npm:0.1.51"
    "@napi-rs/canvas-linux-arm64-musl": "npm:0.1.51"
    "@napi-rs/canvas-linux-x64-gnu": "npm:0.1.51"
    "@napi-rs/canvas-linux-x64-musl": "npm:0.1.51"
    "@napi-rs/canvas-win32-x64-msvc": "npm:0.1.51"
  dependenciesMeta:
    "@napi-rs/canvas-android-arm64":
      optional: true
    "@napi-rs/canvas-darwin-arm64":
      optional: true
    "@napi-rs/canvas-darwin-x64":
      optional: true
    "@napi-rs/canvas-linux-arm-gnueabihf":
      optional: true
    "@napi-rs/canvas-linux-arm64-gnu":
      optional: true
    "@napi-rs/canvas-linux-arm64-musl":
      optional: true
    "@napi-rs/canvas-linux-x64-gnu":
      optional: true
    "@napi-rs/canvas-linux-x64-musl":
      optional: true
    "@napi-rs/canvas-win32-x64-msvc":
      optional: true
  checksum: 10/10d4e8f8849bd476bfaa0ef169c0cfd9612d61affa5a6e3cb60d7e877a57be1557b6a5a2f4da4cfcb50422828d1dfcb01c5279d5fc319c77ee3b3eb9350bbacc
  languageName: node
  linkType: hard

"@octokit/auth-token@npm:^4.0.0":
  version: 4.0.0
  resolution: "@octokit/auth-token@npm:4.0.0"
  checksum: 10/60e42701e341d700f73c518c7a35675d36d79fa9d5e838cc3ade96d147e49f5ba74db2e07b2337c2b95aaa540aa42088116df2122daa25633f9e70a2c8785c44
  languageName: node
  linkType: hard

"@octokit/core@npm:^5.0.0":
  version: 5.1.0
  resolution: "@octokit/core@npm:5.1.0"
  dependencies:
    "@octokit/auth-token": "npm:^4.0.0"
    "@octokit/graphql": "npm:^7.0.0"
    "@octokit/request": "npm:^8.0.2"
    "@octokit/request-error": "npm:^5.0.0"
    "@octokit/types": "npm:^12.0.0"
    before-after-hook: "npm:^2.2.0"
    universal-user-agent: "npm:^6.0.0"
  checksum: 10/8062e86a3088f24a691b36d2c3e9f33e864cefcb5f544b0633650358bce280708b111551cbe855ecf6a5190d6fc4fec1220117c329a2c27525940dd97b868614
  languageName: node
  linkType: hard

"@octokit/endpoint@npm:^9.0.0":
  version: 9.0.4
  resolution: "@octokit/endpoint@npm:9.0.4"
  dependencies:
    "@octokit/types": "npm:^12.0.0"
    universal-user-agent: "npm:^6.0.0"
  checksum: 10/7df35c96f2b5628fe5b3f44a72614be9b439779c06b4dd1bb72283b3cb2ea53e59e1f9a108798efe5404b6856f4380a4c5be12d93255d854f0683cd6e22f3a27
  languageName: node
  linkType: hard

"@octokit/graphql@npm:^7.0.0":
  version: 7.0.2
  resolution: "@octokit/graphql@npm:7.0.2"
  dependencies:
    "@octokit/request": "npm:^8.0.1"
    "@octokit/types": "npm:^12.0.0"
    universal-user-agent: "npm:^6.0.0"
  checksum: 10/f5dcc51fed5304f65dab83fcea4c2a569107d3b71e8d084199dc44f0d0cfc852c9e1f341b06ae66601f9da4af3aad416b0c62dcd0567ac7568f072d8d90d502e
  languageName: node
  linkType: hard

"@octokit/openapi-types@npm:^20.0.0":
  version: 20.0.0
  resolution: "@octokit/openapi-types@npm:20.0.0"
  checksum: 10/9f60572af1201dd92626c412253d83d986b8ab1956250b95f417013ee8e7baf25870eeb801d16672cabc2c420544bc9c2f0a979e07603ff5997eff038c71a8c3
  languageName: node
  linkType: hard

"@octokit/plugin-paginate-rest@npm:^9.0.0":
  version: 9.2.1
  resolution: "@octokit/plugin-paginate-rest@npm:9.2.1"
  dependencies:
    "@octokit/types": "npm:^12.6.0"
  peerDependencies:
    "@octokit/core": 5
  checksum: 10/1528ab17eedb6705e30ad8576493f06b40f29a87c920a4affeb9715fe5f386e064b79eadd401c0cd1e7ec22287a461da4f5353a4ee57bc614fd890b0aa139d77
  languageName: node
  linkType: hard

"@octokit/plugin-request-log@npm:^4.0.0":
  version: 4.0.1
  resolution: "@octokit/plugin-request-log@npm:4.0.1"
  peerDependencies:
    "@octokit/core": 5
  checksum: 10/fd8c0a201490cba00084689a0d1d54fc7b5ab5b6bdb7e447056b947b1754f78526e9685400eab10d3522bfa7b5bc49c555f41ec412c788610b96500b168f3789
  languageName: node
  linkType: hard

"@octokit/plugin-rest-endpoint-methods@npm:^10.0.0":
  version: 10.4.1
  resolution: "@octokit/plugin-rest-endpoint-methods@npm:10.4.1"
  dependencies:
    "@octokit/types": "npm:^12.6.0"
  peerDependencies:
    "@octokit/core": 5
  checksum: 10/1090fc5a1bebb7b48c512e178f8ad69a3ef8332e583274972f3a3035e9be9200093e22a5dbfe0f71aa1a7a8817e54bb915af3c2a3f88db1311a2873cef176552
  languageName: node
  linkType: hard

"@octokit/request-error@npm:^5.0.0":
  version: 5.0.1
  resolution: "@octokit/request-error@npm:5.0.1"
  dependencies:
    "@octokit/types": "npm:^12.0.0"
    deprecation: "npm:^2.0.0"
    once: "npm:^1.4.0"
  checksum: 10/a21a4614c46cb173e4ba73fa048576204f1ddc541dee3e7c938ef36088566e3b25e04ca1f96f375ec2e3cc29b7ba970b3b078a89a20bc50cdcdbed879db94573
  languageName: node
  linkType: hard

"@octokit/request@npm:^8.0.1, @octokit/request@npm:^8.0.2":
  version: 8.2.0
  resolution: "@octokit/request@npm:8.2.0"
  dependencies:
    "@octokit/endpoint": "npm:^9.0.0"
    "@octokit/request-error": "npm:^5.0.0"
    "@octokit/types": "npm:^12.0.0"
    universal-user-agent: "npm:^6.0.0"
  checksum: 10/553ba8b99ea6fe2d3b66b2be6df06f7fe62a0b81e441d334ef25388cf0fcdab4a888fcfe2c1fb1ada262c233bcf7169da3ad5e03f024060ea5723f7753b0de3e
  languageName: node
  linkType: hard

"@octokit/rest@npm:20.0.2":
  version: 20.0.2
  resolution: "@octokit/rest@npm:20.0.2"
  dependencies:
    "@octokit/core": "npm:^5.0.0"
    "@octokit/plugin-paginate-rest": "npm:^9.0.0"
    "@octokit/plugin-request-log": "npm:^4.0.0"
    "@octokit/plugin-rest-endpoint-methods": "npm:^10.0.0"
  checksum: 10/527e1806ca274209a2a7daa485010dafb2ebb6c9b0b44c1d33a8f1f16f10e54a96386a4f642dc416160842a4b367d3953d27f8b827b9a94600709d2ac5e95d21
  languageName: node
  linkType: hard

"@octokit/types@npm:^12.0.0, @octokit/types@npm:^12.6.0":
  version: 12.6.0
  resolution: "@octokit/types@npm:12.6.0"
  dependencies:
    "@octokit/openapi-types": "npm:^20.0.0"
  checksum: 10/19b77a8d25af2a5df4561f8750f807edfc9fca5b07cfa9fb21dce4665e1b188c966688f5ed5e08089404428100dfe44ad353f8d8532f1d30fe47e61c5faa1440
  languageName: node
  linkType: hard

"@redis/bloom@npm:1.2.0":
  version: 1.2.0
  resolution: "@redis/bloom@npm:1.2.0"
  peerDependencies:
    "@redis/client": ^1.0.0
  checksum: 10/a16408f729ddd032a52c9d998661dfa7beabc0e92760d30619c3166c7a53a98c037956d93d230b787005fd8a599a7456461ca7429c1916893c2d13d59a41e0e6
  languageName: node
  linkType: hard

"@redis/client@npm:1.5.14":
  version: 1.5.14
  resolution: "@redis/client@npm:1.5.14"
  dependencies:
    cluster-key-slot: "npm:1.1.2"
    generic-pool: "npm:3.9.0"
    yallist: "npm:4.0.0"
  checksum: 10/aab53eff9456e0a5e0ef78ce16db3eca4b837274b8285c5d66ced549573dbacf75972935806911274d6dd906a53d982ef9b1a6f11a8efe4a18efa94ec9c2a4b3
  languageName: node
  linkType: hard

"@redis/graph@npm:1.1.1":
  version: 1.1.1
  resolution: "@redis/graph@npm:1.1.1"
  peerDependencies:
    "@redis/client": ^1.0.0
  checksum: 10/96b8ee9bec124947465848b56a014805f9639e09704e03c75a92072a319599ac9dcd4f9ace22970a7f72131a241166ad31db4dc6931b34808d22a5ca94649ba5
  languageName: node
  linkType: hard

"@redis/json@npm:1.0.6":
  version: 1.0.6
  resolution: "@redis/json@npm:1.0.6"
  peerDependencies:
    "@redis/client": ^1.0.0
  checksum: 10/bedd8b6fd152ed480f993c6372288f210a9c0e60bb39c02861d5ce2cb5452119229435572cd94886cdbde5fbae014471fc179dff1dbc86f045782e0358af1b0f
  languageName: node
  linkType: hard

"@redis/search@npm:1.1.6":
  version: 1.1.6
  resolution: "@redis/search@npm:1.1.6"
  peerDependencies:
    "@redis/client": ^1.0.0
  checksum: 10/7a2543012fc2c88ff4c6a6c9c1b537b472d5af340c2717f968562ef2ead713b02dd22cfadc5d5e16c0d32279a4c04bee974e0f20de416a3561a1221b3dccc790
  languageName: node
  linkType: hard

"@redis/time-series@npm:1.0.5":
  version: 1.0.5
  resolution: "@redis/time-series@npm:1.0.5"
  peerDependencies:
    "@redis/client": ^1.0.0
  checksum: 10/be735fe7497b157ef8291fed157342a9a5017884488fa519b271745cfb9500a498d6f8e4bee6d34b58892d65f8ef7a3f4c458d083fb19892b4d3633d0d6c7db6
  languageName: node
  linkType: hard

"@sapphire/async-queue@npm:^1.5.0":
  version: 1.5.2
  resolution: "@sapphire/async-queue@npm:1.5.2"
  checksum: 10/55e0785997ec34479509c134a3ffc5e9dc0c183b56b1cb95b0505539972a538b0bff8922c1d051ebeee227b000f79f1f499f1897229a117644833375093aa7b3
  languageName: node
  linkType: hard

"@sapphire/shapeshift@npm:^3.9.3":
  version: 3.9.6
  resolution: "@sapphire/shapeshift@npm:3.9.6"
  dependencies:
    fast-deep-equal: "npm:^3.1.3"
    lodash: "npm:^4.17.21"
  checksum: 10/9d7ab3b3341514363598e48666ec32ec631e0f3b408eb851d4397e479f93c70a471610949d30b9450beaf212df721ffa7c4da3ed3d0fbaffebcb1dfe73ab3f4c
  languageName: node
  linkType: hard

"@sapphire/snowflake@npm:3.5.1":
  version: 3.5.1
  resolution: "@sapphire/snowflake@npm:3.5.1"
  checksum: 10/12d09f0e4f52f86bdc330d70e4a3042f212d787c2d40e7bc41769218c8d08649786109aa78d777262a658a8f29f12ef5bacc6188d46fd1dd35a4e1f29d378723
  languageName: node
  linkType: hard

"@sapphire/snowflake@npm:^3.5.1":
  version: 3.5.3
  resolution: "@sapphire/snowflake@npm:3.5.3"
  checksum: 10/f306626f76a6e9bdc7de9130c1baf7ddcd8681d7d03b2ab6f2404081f71c94085d4001e8a62ae2c2372b3b54d2d52ec21d43695f2c73fb101caabc2d3bf524aa
  languageName: node
  linkType: hard

"@toast/tokenservice-client@npm:1.0.16":
  version: 1.0.16
  resolution: "@toast/tokenservice-client@npm:1.0.16::__archiveUrl=https%3A%2F%2Fgit.toast-server.net%2Fapi%2Fpackages%2Ftoast%2Fnpm%2F%2540toast%252Ftokenservice-client%2F-%2F1.0.16%2Ftokenservice-client-1.0.16.tgz"
  dependencies:
    undici: "npm:6.7.0"
  checksum: 10/a946df28f2ba6e36f881f7160bafe0dfe06227520b2a1a8ace729651064103bce92dcfc0d23deb6df845839f380fbdc17af86b1f1ea11ab3cc513c751ec23fb8
  languageName: node
  linkType: hard

"@types/bluebird@npm:*":
  version: 3.5.42
  resolution: "@types/bluebird@npm:3.5.42"
  checksum: 10/09ad60b083f916c7611936d3c70986df8f2eae11e46768ab7901d86bee5b1ca6b00cd9ef8cc0d3761256e2bc4ada3388e5529f71745a6b3d7602e868e3530310
  languageName: node
  linkType: hard

"@types/continuation-local-storage@npm:*":
  version: 3.2.7
  resolution: "@types/continuation-local-storage@npm:3.2.7"
  dependencies:
    "@types/node": "npm:*"
  checksum: 10/1f272b53bc56774773b7cbd6019ae26843599fb9073cb70c3dda13f8bfac5eabb6c8bf33f548a37be9c6d772eb9a4ab4399bc7d25bc82588655f51f572df79f3
  languageName: node
  linkType: hard

"@types/debug@npm:^4.1.8":
  version: 4.1.12
  resolution: "@types/debug@npm:4.1.12"
  dependencies:
    "@types/ms": "npm:*"
  checksum: 10/47876a852de8240bfdaf7481357af2b88cb660d30c72e73789abf00c499d6bc7cd5e52f41c915d1b9cd8ec9fef5b05688d7b7aef17f7f272c2d04679508d1053
  languageName: node
  linkType: hard

"@types/lodash@npm:*":
  version: 4.14.202
  resolution: "@types/lodash@npm:4.14.202"
  checksum: 10/1bb9760a5b1dda120132c4b987330d67979c95dbc22612678682cd61b00302e190f4207228f3728580059cdab5582362262e3819aea59960c1017bd2b9fb26f6
  languageName: node
  linkType: hard

"@types/ms@npm:*, @types/ms@npm:0.7.34":
  version: 0.7.34
  resolution: "@types/ms@npm:0.7.34"
  checksum: 10/f38d36e7b6edecd9badc9cf50474159e9da5fa6965a75186cceaf883278611b9df6669dc3a3cc122b7938d317b68a9e3d573d316fcb35d1be47ec9e468c6bd8a
  languageName: node
  linkType: hard

"@types/node-cron@npm:3.0.11":
  version: 3.0.11
  resolution: "@types/node-cron@npm:3.0.11"
  checksum: 10/a73f69bcca52a5f3b1671cfb00a8e4a1d150d0aef36a611564a2f94e66b6981bade577e267ceeeca6fcee241768902d55eb8cf3a81f9ef4ed767a23112fdb16d
  languageName: node
  linkType: hard

"@types/node@npm:*, @types/node@npm:20.11.27":
  version: 20.11.27
  resolution: "@types/node@npm:20.11.27"
  dependencies:
    undici-types: "npm:~5.26.4"
  checksum: 10/4be53485d499dd7c7896190e76a0ce1f6c6917d1f4d0b4b240b3670160fcbc548daed32beaac0fc92429b37dbeaa2496fc56f460acaab969bddb77394318a89b
  languageName: node
  linkType: hard

"@types/pg@npm:8.11.2":
  version: 8.11.2
  resolution: "@types/pg@npm:8.11.2"
  dependencies:
    "@types/node": "npm:*"
    pg-protocol: "npm:*"
    pg-types: "npm:^4.0.1"
  checksum: 10/7c05cf63beffc0f8d817d080cdd98d199a2bd732b779b9aadddcb8659f861f7aafb3bc071636b9eaa65b36cfe998ee66e21aa1485e583b190918fe2f856a6c53
  languageName: node
  linkType: hard

"@types/sequelize@npm:4.28.20":
  version: 4.28.20
  resolution: "@types/sequelize@npm:4.28.20"
  dependencies:
    "@types/bluebird": "npm:*"
    "@types/continuation-local-storage": "npm:*"
    "@types/lodash": "npm:*"
    "@types/validator": "npm:*"
  checksum: 10/8b3faec2e650ee299ae8a8a06bab7bd928131938ba34c7faa1d5c099682d6649e7aa68b0540a3e4883db7e3bc10d043ae3f23624d11b42a60f6bcbd40800ffac
  languageName: node
  linkType: hard

"@types/validator@npm:*, @types/validator@npm:^13.7.17":
  version: 13.11.9
  resolution: "@types/validator@npm:13.11.9"
  checksum: 10/2d397c69293cc726e0cf1b4c74c563ca4e459b00f216f3ff0ac184c9648103be27169e8c67f85be9c6e7a3fcbb149c6add66a2547b185a1b25aa79e4b61261bd
  languageName: node
  linkType: hard

"@types/ws@npm:8.5.9":
  version: 8.5.9
  resolution: "@types/ws@npm:8.5.9"
  dependencies:
    "@types/node": "npm:*"
  checksum: 10/7cf66383b8525196875157985658f7f6b40601265023c0fbaf935a22adc8b6133cc563e2683691d61becdc3d9612deb6e8376a5c4d2ec8349aa526d467c02be6
  languageName: node
  linkType: hard

"@types/ws@npm:^8.5.9":
  version: 8.5.10
  resolution: "@types/ws@npm:8.5.10"
  dependencies:
    "@types/node": "npm:*"
  checksum: 10/9b414dc5e0b6c6f1ea4b1635b3568c58707357f68076df9e7cd33194747b7d1716d5189c0dbdd68c8d2521b148e88184cf881bac7429eb0e5c989b001539ed31
  languageName: node
  linkType: hard

"@vladfrangu/async_event_emitter@npm:^2.2.2":
  version: 2.2.4
  resolution: "@vladfrangu/async_event_emitter@npm:2.2.4"
  checksum: 10/06de49380dc47fe712768b0e49286e54a114de962da36ef021d4b03fcff7ec8338b46179d8b3eba4c0e02b2926bbf1e6ea0f9c6c08f6f081361947a7f6719ce9
  languageName: node
  linkType: hard

"ansi-colors@npm:4.1.3":
  version: 4.1.3
  resolution: "ansi-colors@npm:4.1.3"
  checksum: 10/43d6e2fc7b1c6e4dc373de708ee76311ec2e0433e7e8bd3194e7ff123ea6a747428fc61afdcf5969da5be3a5f0fd054602bec56fc0ebe249ce2fcde6e649e3c2
  languageName: node
  linkType: hard

"before-after-hook@npm:^2.2.0":
  version: 2.2.3
  resolution: "before-after-hook@npm:2.2.3"
  checksum: 10/e676f769dbc4abcf4b3317db2fd2badb4a92c0710e0a7da12cf14b59c3482d4febf835ad7de7874499060fd4e13adf0191628e504728b3c5bb4ec7a878c09940
  languageName: node
  linkType: hard

"buffer-writer@npm:2.0.0":
  version: 2.0.0
  resolution: "buffer-writer@npm:2.0.0"
  checksum: 10/fdca8e28c55704de7af2f41c8f875293de69ad22005d5041d54aa916d125cead00afa969bc09e4702ae6b66e098409958c06bebfc97fcf8fa4ea5afcae088cd9
  languageName: node
  linkType: hard

"cluster-key-slot@npm:1.1.2":
  version: 1.1.2
  resolution: "cluster-key-slot@npm:1.1.2"
  checksum: 10/516ed8b5e1a14d9c3a9c96c72ef6de2d70dfcdbaa0ec3a90bc7b9216c5457e39c09a5775750c272369070308542e671146120153062ab5f2f481bed5de2c925f
  languageName: node
  linkType: hard

"complex.js@npm:^2.1.1":
  version: 2.1.1
  resolution: "complex.js@npm:2.1.1"
  checksum: 10/1905d5204dd8a4d6f591182aca2045986f1ff3c5373e455ccd10c6ee2905bf1d3811a313d38c68f8a8507523202f91e25177387e3adc386c1b5b5ec2f13a6dbb
  languageName: node
  linkType: hard

"daggerbot-ts@workspace:.":
  version: 0.0.0-use.local
  resolution: "daggerbot-ts@workspace:."
  dependencies:
    "@napi-rs/canvas": "npm:0.1.51"
    "@octokit/rest": "npm:20.0.2"
    "@toast/tokenservice-client": "npm:1.0.16"
    "@types/ms": "npm:0.7.34"
    "@types/node": "npm:20.11.27"
    "@types/node-cron": "npm:3.0.11"
    "@types/pg": "npm:8.11.2"
    "@types/sequelize": "npm:4.28.20"
    ansi-colors: "npm:4.1.3"
    dayjs: "npm:1.11.10"
    discord.js: "npm:14.14.1"
    fast-xml-parser: "npm:4.3.5"
    mathjs: "npm:12.4.1"
    ms: "npm:2.1.3"
    node-cron: "npm:3.0.3"
    pg: "npm:8.11.3"
    pg-hstore: "npm:2.3.4"
    redis: "npm:4.6.13"
    sequelize: "npm:6.37.1"
    simple-git: "npm:3.22.0"
    systeminformation: "npm:5.22.2"
    typescript: "npm:5.4.2"
    undici: "npm:6.9.0"
  languageName: unknown
  linkType: soft

"dayjs@npm:1.11.10":
  version: 1.11.10
  resolution: "dayjs@npm:1.11.10"
  checksum: 10/27e8f5bc01c0a76f36c656e62ab7f08c2e7b040b09e613cd4844abf03fb258e0350f0a83b02c887b84d771c1f11e092deda0beef8c6df2a1afbc3f6c1fade279
  languageName: node
  linkType: hard

"debug@npm:^4.1.1, debug@npm:^4.3.4":
  version: 4.3.4
  resolution: "debug@npm:4.3.4"
  dependencies:
    ms: "npm:2.1.2"
  peerDependenciesMeta:
    supports-color:
      optional: true
  checksum: 10/0073c3bcbd9cb7d71dd5f6b55be8701af42df3e56e911186dfa46fac3a5b9eb7ce7f377dd1d3be6db8977221f8eb333d945216f645cf56f6b688cd484837d255
  languageName: node
  linkType: hard

"decimal.js@npm:^10.4.3":
  version: 10.4.3
  resolution: "decimal.js@npm:10.4.3"
  checksum: 10/de663a7bc4d368e3877db95fcd5c87b965569b58d16cdc4258c063d231ca7118748738df17cd638f7e9dd0be8e34cec08d7234b20f1f2a756a52fc5a38b188d0
  languageName: node
  linkType: hard

"deprecation@npm:^2.0.0":
  version: 2.3.1
  resolution: "deprecation@npm:2.3.1"
  checksum: 10/f56a05e182c2c195071385455956b0c4106fe14e36245b00c689ceef8e8ab639235176a96977ba7c74afb173317fac2e0ec6ec7a1c6d1e6eaa401c586c714132
  languageName: node
  linkType: hard

"discord-api-types@npm:0.37.61":
  version: 0.37.61
  resolution: "discord-api-types@npm:0.37.61"
  checksum: 10/f11d593722ab8ba72c07fd841d62484f22c30e36f4ce6b644f8bbf48422d20b0cd6acbf126d60aa2c535e4bd55df694745cc730c6c0382717dc10b2a81fb2805
  languageName: node
  linkType: hard

"discord.js@npm:14.14.1":
  version: 14.14.1
  resolution: "discord.js@npm:14.14.1"
  dependencies:
    "@discordjs/builders": "npm:^1.7.0"
    "@discordjs/collection": "npm:1.5.3"
    "@discordjs/formatters": "npm:^0.3.3"
    "@discordjs/rest": "npm:^2.1.0"
    "@discordjs/util": "npm:^1.0.2"
    "@discordjs/ws": "npm:^1.0.2"
    "@sapphire/snowflake": "npm:3.5.1"
    "@types/ws": "npm:8.5.9"
    discord-api-types: "npm:0.37.61"
    fast-deep-equal: "npm:3.1.3"
    lodash.snakecase: "npm:4.1.1"
    tslib: "npm:2.6.2"
    undici: "npm:5.27.2"
    ws: "npm:8.14.2"
  checksum: 10/c6603421dea13ee0215ee779fdfa93eeab7177ff54b317312c03c53f9e101d4958ed72da5d0c4036556f6183828460e7059004589f170e272a609b37806145e9
  languageName: node
  linkType: hard

"dottie@npm:^2.0.6":
  version: 2.0.6
  resolution: "dottie@npm:2.0.6"
  checksum: 10/698731cfa2c1b530ba3491fa864dc572678a2a6de801f25912e2e4d7d4669ae013b696711786016bf41c7b6f98057c678503f14550bb171b3f70cdadffb9218f
  languageName: node
  linkType: hard

"escape-latex@npm:^1.2.0":
  version: 1.2.0
  resolution: "escape-latex@npm:1.2.0"
  checksum: 10/73a787319f0965ecb8244bb38bf3a3cba872f0b9a5d3da8821140e9f39fe977045dc953a62b1a2bed4d12bfccbe75a7d8ec786412bf00739eaa2f627d0a8e0d6
  languageName: node
  linkType: hard

"fast-deep-equal@npm:3.1.3, fast-deep-equal@npm:^3.1.3":
  version: 3.1.3
  resolution: "fast-deep-equal@npm:3.1.3"
  checksum: 10/e21a9d8d84f53493b6aa15efc9cfd53dd5b714a1f23f67fb5dc8f574af80df889b3bce25dc081887c6d25457cce704e636395333abad896ccdec03abaf1f3f9d
  languageName: node
  linkType: hard

"fast-xml-parser@npm:4.3.5":
  version: 4.3.5
  resolution: "fast-xml-parser@npm:4.3.5"
  dependencies:
    strnum: "npm:^1.0.5"
  bin:
    fxparser: src/cli/cli.js
  checksum: 10/ccfd943e4ed400bf3acd4b6fcba9a15ec992a4a76c9a0cf825fc06f2b35a79a6d1de477b9a73c23633597c4f2a35838550ec3013a056f2591aa8cb3989d1f242
  languageName: node
  linkType: hard

"fraction.js@npm:4.3.4":
  version: 4.3.4
  resolution: "fraction.js@npm:4.3.4"
  checksum: 10/3a1e6b268038ffdea625fab6a8d155d7ab644d35d0c99bc59084bfd29fbc714f3a38381b0627751ddb5f188bcde0b3f48c27e80eeb2ecd440825a7d2cd2bf9f1
  languageName: node
  linkType: hard

"generic-pool@npm:3.9.0":
  version: 3.9.0
  resolution: "generic-pool@npm:3.9.0"
  checksum: 10/3c632d30a6a7d47412dc67ddc517992691e0fde819c0cb6b5871bc87d10f61a7c09f12a60dbd77c78ae3e6ca10db41e2eaee28985ce724d9620354a006205ce1
  languageName: node
  linkType: hard

"inflection@npm:^1.13.4":
  version: 1.13.4
  resolution: "inflection@npm:1.13.4"
  checksum: 10/a0cc1b105ccbda9607b5d1610b5c7aa35456ca06b7f3573a47c677e1f829052859cacc36601c3c07de89cb756616a440814ef2d190a6ae70398e6aa6efc2a547
  languageName: node
  linkType: hard

"javascript-natural-sort@npm:^0.7.1":
  version: 0.7.1
  resolution: "javascript-natural-sort@npm:0.7.1"
  checksum: 10/7bf6eab67871865d347f09a95aa770f9206c1ab0226bcda6fdd9edec340bf41111a7f82abac30556aa16a21cfa3b2b1ca4a362c8b73dd5ce15220e5d31f49d79
  languageName: node
  linkType: hard

"lodash.snakecase@npm:4.1.1":
  version: 4.1.1
  resolution: "lodash.snakecase@npm:4.1.1"
  checksum: 10/82ed40935d840477ef8fee64f9f263f75989c6cde36b84aae817246d95826228e1b5a7f6093c51de324084f86433634c7af244cb89496633cacfe443071450d0
  languageName: node
  linkType: hard

"lodash@npm:^4.17.21":
  version: 4.17.21
  resolution: "lodash@npm:4.17.21"
  checksum: 10/c08619c038846ea6ac754abd6dd29d2568aa705feb69339e836dfa8d8b09abbb2f859371e86863eda41848221f9af43714491467b5b0299122431e202bb0c532
  languageName: node
  linkType: hard

"lru-cache@npm:^6.0.0":
  version: 6.0.0
  resolution: "lru-cache@npm:6.0.0"
  dependencies:
    yallist: "npm:^4.0.0"
  checksum: 10/fc1fe2ee205f7c8855fa0f34c1ab0bcf14b6229e35579ec1fd1079f31d6fc8ef8eb6fd17f2f4d99788d7e339f50e047555551ebd5e434dda503696e7c6591825
  languageName: node
  linkType: hard

"magic-bytes.js@npm:^1.5.0":
  version: 1.10.0
  resolution: "magic-bytes.js@npm:1.10.0"
  checksum: 10/4b84d54b79914df3e9824ba6aba4eb01ea2555d14c7a4fa45be43ef8be3c286ad3a8dcdb536b328de2d7469dbbd3a21ee4b15d338cadc43eb08c0df249a19e7a
  languageName: node
  linkType: hard

"mathjs@npm:12.4.1":
  version: 12.4.1
  resolution: "mathjs@npm:12.4.1"
  dependencies:
    "@babel/runtime": "npm:^7.24.0"
    complex.js: "npm:^2.1.1"
    decimal.js: "npm:^10.4.3"
    escape-latex: "npm:^1.2.0"
    fraction.js: "npm:4.3.4"
    javascript-natural-sort: "npm:^0.7.1"
    seedrandom: "npm:^3.0.5"
    tiny-emitter: "npm:^2.1.0"
    typed-function: "npm:^4.1.1"
  bin:
    mathjs: bin/cli.js
  checksum: 10/171cdf4b6ad4786f902d112d4208a2e5b02381cd08a2b974d957b56d0102808064ddfcc7b953bef6022ad0302f3181b7f6146b3be6b54a240579a36b90c463ff
  languageName: node
  linkType: hard

"moment-timezone@npm:^0.5.43":
  version: 0.5.45
  resolution: "moment-timezone@npm:0.5.45"
  dependencies:
    moment: "npm:^2.29.4"
  checksum: 10/45e3793d44bea8e826c934a335ebf0b92c6d6dae562fdb59d8c45a16d5c11de4d6692b5fa7eebca969881f06b81b55f8535883bfbc727b597d601709fa5a2bb2
  languageName: node
  linkType: hard

"moment@npm:^2.29.4":
  version: 2.30.1
  resolution: "moment@npm:2.30.1"
  checksum: 10/ae42d876d4ec831ef66110bdc302c0657c664991e45cf2afffc4b0f6cd6d251dde11375c982a5c0564ccc0fa593fc564576ddceb8c8845e87c15f58aa6baca69
  languageName: node
  linkType: hard

"ms@npm:2.1.2":
  version: 2.1.2
  resolution: "ms@npm:2.1.2"
  checksum: 10/673cdb2c3133eb050c745908d8ce632ed2c02d85640e2edb3ace856a2266a813b30c613569bf3354fdf4ea7d1a1494add3bfa95e2713baa27d0c2c71fc44f58f
  languageName: node
  linkType: hard

"ms@npm:2.1.3":
  version: 2.1.3
  resolution: "ms@npm:2.1.3"
  checksum: 10/aa92de608021b242401676e35cfa5aa42dd70cbdc082b916da7fb925c542173e36bce97ea3e804923fe92c0ad991434e4a38327e15a1b5b5f945d66df615ae6d
  languageName: node
  linkType: hard

"node-cron@npm:3.0.3":
  version: 3.0.3
  resolution: "node-cron@npm:3.0.3"
  dependencies:
    uuid: "npm:8.3.2"
  checksum: 10/f088043da4f61c3640155f7b11e909e6cfb23d9970111a8dcd7b39a1f3d47c897e207bb9657b15441207df21676885b083c777630efa87801de961b15a3d0ad1
  languageName: node
  linkType: hard

"obuf@npm:~1.1.2":
  version: 1.1.2
  resolution: "obuf@npm:1.1.2"
  checksum: 10/53ff4ab3a13cc33ba6c856cf281f2965c0aec9720967af450e8fd06cfd50aceeefc791986a16bcefa14e7898b3ca9acdfcf15b9d9a1b9c7e1366581a8ad6e65e
  languageName: node
  linkType: hard

"once@npm:^1.4.0":
  version: 1.4.0
  resolution: "once@npm:1.4.0"
  dependencies:
    wrappy: "npm:1"
  checksum: 10/cd0a88501333edd640d95f0d2700fbde6bff20b3d4d9bdc521bdd31af0656b5706570d6c6afe532045a20bb8dc0849f8332d6f2a416e0ba6d3d3b98806c7db68
  languageName: node
  linkType: hard

"packet-reader@npm:1.0.0":
  version: 1.0.0
  resolution: "packet-reader@npm:1.0.0"
  checksum: 10/8504cc8c32672380867e933516a029b1d4dd784c139213c85c9042ffc1162de48ec914f8c71260a9311518694cf5d0be11c67357f4b536129d2ea42aa7257ec0
  languageName: node
  linkType: hard

"pg-cloudflare@npm:^1.1.1":
  version: 1.1.1
  resolution: "pg-cloudflare@npm:1.1.1"
  checksum: 10/45ca0c7926967ec9e66a9efc73ca57e3e933671b541bc774631a02ce683e7f658d0a4e881119b3f61486f38e344ae1b008d3a20eb5e21701c5fa8ff8382c5538
  languageName: node
  linkType: hard

"pg-connection-string@npm:^2.6.1, pg-connection-string@npm:^2.6.2":
  version: 2.6.2
  resolution: "pg-connection-string@npm:2.6.2"
  checksum: 10/22265882c3b6f2320785378d0760b051294a684989163d5a1cde4009e64e84448d7bf67d9a7b9e7f69440c3ee9e2212f9aa10dd17ad6773f6143c6020cebbcb5
  languageName: node
  linkType: hard

"pg-hstore@npm:2.3.4":
  version: 2.3.4
  resolution: "pg-hstore@npm:2.3.4"
  dependencies:
    underscore: "npm:^1.13.1"
  checksum: 10/e1398c12d6e50c6a7e41cf27d1c4f4cf8c117663a2b4c49334d6c5a35fad980adb699dc52e34c1295351639ac4ea34caa762bbcec7b75c23568ddd3a50730ee3
  languageName: node
  linkType: hard

"pg-int8@npm:1.0.1":
  version: 1.0.1
  resolution: "pg-int8@npm:1.0.1"
  checksum: 10/a1e3a05a69005ddb73e5f324b6b4e689868a447c5fa280b44cd4d04e6916a344ac289e0b8d2695d66e8e89a7fba023affb9e0e94778770ada5df43f003d664c9
  languageName: node
  linkType: hard

"pg-numeric@npm:1.0.2":
  version: 1.0.2
  resolution: "pg-numeric@npm:1.0.2"
  checksum: 10/8899f8200caa1744439a8778a9eb3ceefb599d893e40a09eef84ee0d4c151319fd416634a6c0fc7b7db4ac268710042da5be700b80ef0de716fe089b8652c84f
  languageName: node
  linkType: hard

"pg-pool@npm:^3.6.1":
  version: 3.6.1
  resolution: "pg-pool@npm:3.6.1"
  peerDependencies:
    pg: ">=8.0"
  checksum: 10/5d1b02b959e6c849004d8f3d2222c48d3b3b67b7b1eb5f2e5819ed9412129ea6b0f0376bc74ddf197973c99575d325cbb3f64a8017ab520535c011329b12fffb
  languageName: node
  linkType: hard

"pg-protocol@npm:*, pg-protocol@npm:^1.6.0":
  version: 1.6.0
  resolution: "pg-protocol@npm:1.6.0"
  checksum: 10/995864cc2a8517368b84697c753caff769a4db292eda66f96d9eec46e3aa84737cd0b0fe171aca9d7d4b4a4c46bb25bd399713cb1027a5bf8f38adea0b4284f4
  languageName: node
  linkType: hard

"pg-types@npm:^2.1.0":
  version: 2.2.0
  resolution: "pg-types@npm:2.2.0"
  dependencies:
    pg-int8: "npm:1.0.1"
    postgres-array: "npm:~2.0.0"
    postgres-bytea: "npm:~1.0.0"
    postgres-date: "npm:~1.0.4"
    postgres-interval: "npm:^1.1.0"
  checksum: 10/87a84d4baa91378d3a3da6076c69685eb905d1087bf73525ae1ba84b291b9dd8738c6716b333d8eac6cec91bf087237adc3e9281727365e9cbab0d9d072778b1
  languageName: node
  linkType: hard

"pg-types@npm:^4.0.1":
  version: 4.0.2
  resolution: "pg-types@npm:4.0.2"
  dependencies:
    pg-int8: "npm:1.0.1"
    pg-numeric: "npm:1.0.2"
    postgres-array: "npm:~3.0.1"
    postgres-bytea: "npm:~3.0.0"
    postgres-date: "npm:~2.1.0"
    postgres-interval: "npm:^3.0.0"
    postgres-range: "npm:^1.1.1"
  checksum: 10/f4d529da864d4169afab300eb8629a84a6a06aa70c471160a7e46c34b6d4dd0e61cbd57d10d98c3a36e98f474e2ff85d41e4b1c953a321146b4bae09372c58d3
  languageName: node
  linkType: hard

"pg@npm:8.11.3":
  version: 8.11.3
  resolution: "pg@npm:8.11.3"
  dependencies:
    buffer-writer: "npm:2.0.0"
    packet-reader: "npm:1.0.0"
    pg-cloudflare: "npm:^1.1.1"
    pg-connection-string: "npm:^2.6.2"
    pg-pool: "npm:^3.6.1"
    pg-protocol: "npm:^1.6.0"
    pg-types: "npm:^2.1.0"
    pgpass: "npm:1.x"
  peerDependencies:
    pg-native: ">=3.0.1"
  dependenciesMeta:
    pg-cloudflare:
      optional: true
  peerDependenciesMeta:
    pg-native:
      optional: true
  checksum: 10/f15f29c8e17723ee1da72abdf400cbed2c04602c58c93687f3f0068e71df2a6fb62b9a3543e13da21b10a0494f4c5b4cfc8d6cd8396617b76c4cbfd6ddab17e7
  languageName: node
  linkType: hard

"pgpass@npm:1.x":
  version: 1.0.5
  resolution: "pgpass@npm:1.0.5"
  dependencies:
    split2: "npm:^4.1.0"
  checksum: 10/0a6f3bf76e36bdb3c20a7e8033140c732767bba7e81f845f7489fc3123a2bd6e3b8e704f08cba86b117435414b5d2422e20ba9d5f2efb6f0c75c9efca73e8e87
  languageName: node
  linkType: hard

"postgres-array@npm:~2.0.0":
  version: 2.0.0
  resolution: "postgres-array@npm:2.0.0"
  checksum: 10/aff99e79714d1271fe942fec4ffa2007b755e7e7dc3d2feecae3f1ceecb86fd3637c8138037fc3d9e7ec369231eeb136843c0b25927bf1ce295245a40ef849b4
  languageName: node
  linkType: hard

"postgres-array@npm:~3.0.1":
  version: 3.0.2
  resolution: "postgres-array@npm:3.0.2"
  checksum: 10/0159517e4e5f263bf9e324f0c4d3c10244a294021f2b5980abc8c23afdb965370a7fc0c82012fce4d28e83186ad089b6476b05fcef6c88f8e43e37a3a2fa0ad5
  languageName: node
  linkType: hard

"postgres-bytea@npm:~1.0.0":
  version: 1.0.0
  resolution: "postgres-bytea@npm:1.0.0"
  checksum: 10/d844ae4ca7a941b70e45cac1261a73ee8ed39d72d3d74ab1d645248185a1b7f0ac91a3c63d6159441020f4e1f7fe64689ac56536a307b31cef361e5187335090
  languageName: node
  linkType: hard

"postgres-bytea@npm:~3.0.0":
  version: 3.0.0
  resolution: "postgres-bytea@npm:3.0.0"
  dependencies:
    obuf: "npm:~1.1.2"
  checksum: 10/f5c01758fd2fa807afbd34e1ba2146f683818ebc2d23f4a62f0fd627c0b1126fc543cab1b63925f97ce6c7d8f5f316043218619c447445210ea82f10411efb1b
  languageName: node
  linkType: hard

"postgres-date@npm:~1.0.4":
  version: 1.0.7
  resolution: "postgres-date@npm:1.0.7"
  checksum: 10/571ef45bec4551bb5d608c31b79987d7a895141f7d6c7b82e936a52d23d97474c770c6143e5cf8936c1cdc8b0dfd95e79f8136bf56a90164182a60f242c19f2b
  languageName: node
  linkType: hard

"postgres-date@npm:~2.1.0":
  version: 2.1.0
  resolution: "postgres-date@npm:2.1.0"
  checksum: 10/faa1c70dfad0e35bd4aa7cb6088fcd4e4f039aa25dc42150129178fc2a0baa7e37eca0bf18e4142a40dea18d1955459b08783f78ec487ef27b4b93ab5e854597
  languageName: node
  linkType: hard

"postgres-interval@npm:^1.1.0":
  version: 1.2.0
  resolution: "postgres-interval@npm:1.2.0"
  dependencies:
    xtend: "npm:^4.0.0"
  checksum: 10/746b71f93805ae33b03528e429dc624706d1f9b20ee81bf743263efb6a0cd79ae02a642a8a480dbc0f09547b4315ab7df6ce5ec0be77ed700bac42730f5c76b2
  languageName: node
  linkType: hard

"postgres-interval@npm:^3.0.0":
  version: 3.0.0
  resolution: "postgres-interval@npm:3.0.0"
  checksum: 10/c7a1cf006de97de663b6b8c4d2b167aa9909a238c4866a94b15d303762f5ac884ff4796cd6e2111b7f0a91302b83c570453aa8506fd005b5a5d5dfa87441bebc
  languageName: node
  linkType: hard

"postgres-range@npm:^1.1.1":
  version: 1.1.4
  resolution: "postgres-range@npm:1.1.4"
  checksum: 10/035759f17b44bf9ba7e71a30402ed2ca1e2b7fabb3ad794b08169a5b453d38d06905a6dfb51fe41a3f6d9fac4e183dac9e769b95053053db933be16785edce1f
  languageName: node
  linkType: hard

"redis@npm:4.6.13":
  version: 4.6.13
  resolution: "redis@npm:4.6.13"
  dependencies:
    "@redis/bloom": "npm:1.2.0"
    "@redis/client": "npm:1.5.14"
    "@redis/graph": "npm:1.1.1"
    "@redis/json": "npm:1.0.6"
    "@redis/search": "npm:1.1.6"
    "@redis/time-series": "npm:1.0.5"
  checksum: 10/cc66182b8fa78c2a63b5300b15fa6fbf8908773d78bc5ca3960018f465595b51dfecaebe8c848111a3b723530f17bdaa1c186f73875cd9ba351f32d2e5e14d5f
  languageName: node
  linkType: hard

"regenerator-runtime@npm:^0.14.0":
  version: 0.14.1
  resolution: "regenerator-runtime@npm:0.14.1"
  checksum: 10/5db3161abb311eef8c45bcf6565f4f378f785900ed3945acf740a9888c792f75b98ecb77f0775f3bf95502ff423529d23e94f41d80c8256e8fa05ed4b07cf471
  languageName: node
  linkType: hard

"retry-as-promised@npm:^7.0.4":
  version: 7.0.4
  resolution: "retry-as-promised@npm:7.0.4"
  checksum: 10/cd9fd20e990c6980a2979348fbc198aa4a065f03242c1cd7782372da7054253927e0803291c843db07255a38d255936cc0f9da55bf826c9f75443a9dedb8bf4b
  languageName: node
  linkType: hard

"seedrandom@npm:^3.0.5":
  version: 3.0.5
  resolution: "seedrandom@npm:3.0.5"
  checksum: 10/acad5e516c04289f61c2fb9848f449b95f58362b75406b79ec51e101ec885293fc57e3675d2f39f49716336559d7190f7273415d185fead8cd27b171ebf7d8fb
  languageName: node
  linkType: hard

"semver@npm:^7.5.4":
  version: 7.6.0
  resolution: "semver@npm:7.6.0"
  dependencies:
    lru-cache: "npm:^6.0.0"
  bin:
    semver: bin/semver.js
  checksum: 10/1b41018df2d8aca5a1db4729985e8e20428c650daea60fcd16e926e9383217d00f574fab92d79612771884a98d2ee2a1973f49d630829a8d54d6570defe62535
  languageName: node
  linkType: hard

"sequelize-pool@npm:^7.1.0":
  version: 7.1.0
  resolution: "sequelize-pool@npm:7.1.0"
  checksum: 10/eeb0837451afb245cf3aece5d93c50ef051bd7f4397c4e578f8cbf41ebf485e0acd887c1aa3f4394b80dc874229a32ce5aafeaa2f00ec3ecc5dfcc518bd7bf7e
  languageName: node
  linkType: hard

"sequelize@npm:6.37.1":
  version: 6.37.1
  resolution: "sequelize@npm:6.37.1"
  dependencies:
    "@types/debug": "npm:^4.1.8"
    "@types/validator": "npm:^13.7.17"
    debug: "npm:^4.3.4"
    dottie: "npm:^2.0.6"
    inflection: "npm:^1.13.4"
    lodash: "npm:^4.17.21"
    moment: "npm:^2.29.4"
    moment-timezone: "npm:^0.5.43"
    pg-connection-string: "npm:^2.6.1"
    retry-as-promised: "npm:^7.0.4"
    semver: "npm:^7.5.4"
    sequelize-pool: "npm:^7.1.0"
    toposort-class: "npm:^1.0.1"
    uuid: "npm:^8.3.2"
    validator: "npm:^13.9.0"
    wkx: "npm:^0.5.0"
  peerDependenciesMeta:
    ibm_db:
      optional: true
    mariadb:
      optional: true
    mysql2:
      optional: true
    oracledb:
      optional: true
    pg:
      optional: true
    pg-hstore:
      optional: true
    snowflake-sdk:
      optional: true
    sqlite3:
      optional: true
    tedious:
      optional: true
  checksum: 10/05be9a1e67c444a0a9c2951cd9b0fd7ac08ed2b81671307ca631b4c7597f357b53a26cdff3a3e39a3cd0a927abfce18afc7a472957fcb17b4e26aa5caca97e3c
  languageName: node
  linkType: hard

"simple-git@npm:3.22.0":
  version: 3.22.0
  resolution: "simple-git@npm:3.22.0"
  dependencies:
    "@kwsites/file-exists": "npm:^1.1.1"
    "@kwsites/promise-deferred": "npm:^1.1.1"
    debug: "npm:^4.3.4"
  checksum: 10/309e7f0b73550f99949c0c6cfd4b4799ec0452fc4835dc440f89ec9351fe553c979c4e2bf7a772308e608697d3a27512281fbc64df0328a73607641f389b0aaf
  languageName: node
  linkType: hard

"split2@npm:^4.1.0":
  version: 4.2.0
  resolution: "split2@npm:4.2.0"
  checksum: 10/09bbefc11bcf03f044584c9764cd31a252d8e52cea29130950b26161287c11f519807c5e54bd9e5804c713b79c02cefe6a98f4688630993386be353e03f534ab
  languageName: node
  linkType: hard

"strnum@npm:^1.0.5":
  version: 1.0.5
  resolution: "strnum@npm:1.0.5"
  checksum: 10/d3117975db8372d4d7b2c07601ed2f65bf21cc48d741f37a8617b76370d228f2ec26336e53791ebc3638264d23ca54e6c241f57f8c69bd4941c63c79440525ca
  languageName: node
  linkType: hard

"systeminformation@npm:5.22.2":
  version: 5.22.2
  resolution: "systeminformation@npm:5.22.2"
  bin:
    systeminformation: lib/cli.js
  checksum: 10/ec74e682d77e86997d76460e8b74fa7a22c8f0a9adc3c9f46fec8bbb13f76fe86f590c3c52cf20f7cfbb0cf51e9c07f9a8170515a9d7cfd0dd087b99edaf6659
  conditions: (os=darwin | os=linux | os=win32 | os=freebsd | os=openbsd | os=netbsd | os=sunos | os=android)
  languageName: node
  linkType: hard

"tiny-emitter@npm:^2.1.0":
  version: 2.1.0
  resolution: "tiny-emitter@npm:2.1.0"
  checksum: 10/75633f4de4f47f43af56aff6162f25b87be7efc6f669fda256658f3c3f4a216f23dc0d13200c6fafaaf1b0c7142f0201352fb06aec0b77f68aea96be898f4516
  languageName: node
  linkType: hard

"toposort-class@npm:^1.0.1":
  version: 1.0.1
  resolution: "toposort-class@npm:1.0.1"
  checksum: 10/166cb89ecb544383691e69eb9305b637dbc239f30894af0984cb4ee40f266c8c0fcadadd4ee6879c5466d1fd9153b22cfa3b19b649337d0da927b866352f7d75
  languageName: node
  linkType: hard

"ts-mixer@npm:^6.0.3":
  version: 6.0.4
  resolution: "ts-mixer@npm:6.0.4"
  checksum: 10/f20571a4a4ff7b5e1a2ff659208c1ea9d4180dda932b71d289edc99e25a2948c9048e2e676b930302ac0f8e88279e0da6022823183e67de3906a3f3a8b72ea80
  languageName: node
  linkType: hard

"tslib@npm:2.6.2, tslib@npm:^2.6.2":
  version: 2.6.2
  resolution: "tslib@npm:2.6.2"
  checksum: 10/bd26c22d36736513980091a1e356378e8b662ded04204453d353a7f34a4c21ed0afc59b5f90719d4ba756e581a162ecbf93118dc9c6be5acf70aa309188166ca
  languageName: node
  linkType: hard

"typed-function@npm:^4.1.1":
  version: 4.1.1
  resolution: "typed-function@npm:4.1.1"
  checksum: 10/0ef538d5f02e5c40659cccc14b5f2727f0e4181f11d91bb7897327c33cc2893de7e92343b6b32e1bb15e44a215a1e92e27ab2aa1353b100a9a2697abf2989a0c
  languageName: node
  linkType: hard

"typescript@npm:5.4.2":
  version: 5.4.2
  resolution: "typescript@npm:5.4.2"
  bin:
    tsc: bin/tsc
    tsserver: bin/tsserver
  checksum: 10/f8cfdc630ab1672f004e9561eb2916935b2d267792d07ce93e97fc601c7a65191af32033d5e9c0169b7dc37da7db9bf320f7432bc84527cb7697effaa4e4559d
  languageName: node
  linkType: hard

"typescript@patch:typescript@npm%3A5.4.2#optional!builtin<compat/typescript>":
  version: 5.4.2
  resolution: "typescript@patch:typescript@npm%3A5.4.2#optional!builtin<compat/typescript>::version=5.4.2&hash=5adc0c"
  bin:
    tsc: bin/tsc
    tsserver: bin/tsserver
  checksum: 10/f5f9a4133c2670761f0166eae5b3bafbc4a3fc24f0f42a93c9c893d9e9d6e66ea066969c5e7483fa66b4ae0e99125592553f3b92fd3599484de8be13b0615176
  languageName: node
  linkType: hard

"underscore@npm:^1.13.1":
  version: 1.13.6
  resolution: "underscore@npm:1.13.6"
  checksum: 10/58cf5dc42cb0ac99c146ae4064792c0a2cc84f3a3c4ad88f5082e79057dfdff3371d896d1ec20379e9ece2450d94fa78f2ef5bfefc199ba320653e32c009bd66
  languageName: node
  linkType: hard

"undici-types@npm:~5.26.4":
  version: 5.26.5
  resolution: "undici-types@npm:5.26.5"
  checksum: 10/0097779d94bc0fd26f0418b3a05472410408877279141ded2bd449167be1aed7ea5b76f756562cb3586a07f251b90799bab22d9019ceba49c037c76445f7cddd
  languageName: node
  linkType: hard

"undici@npm:5.27.2":
  version: 5.27.2
  resolution: "undici@npm:5.27.2"
  dependencies:
    "@fastify/busboy": "npm:^2.0.0"
  checksum: 10/2bf96b102fb84568fb235bdf6e1e352e5d2bf99566b243cd1b13b41578bf9dd5c7c3d3d82192b20a3fec61fe7a528f9d80cd5b4555ce65405c06c69b023013de
  languageName: node
  linkType: hard

"undici@npm:6.7.0":
  version: 6.7.0
  resolution: "undici@npm:6.7.0"
  dependencies:
    "@fastify/busboy": "npm:^2.0.0"
  checksum: 10/e133a27f89075329a337ab4220839ba6a48bdb62ee7dd824ed72415aabe705522fdbb1b0016fb5a4d74ee2ca3ca2854ae9d085aae970e4519678bdc8c96fdf0b
  languageName: node
  linkType: hard

"undici@npm:6.9.0":
  version: 6.9.0
  resolution: "undici@npm:6.9.0"
  checksum: 10/ee227517586f96b73db3b7a24387f101d191df6a6395ec0199688d6e56195dbe8c9d3456be2fa4a70af30fb1a9a905142826f9bf89c328dec842f00b55e9e5c2
  languageName: node
  linkType: hard

"universal-user-agent@npm:^6.0.0":
  version: 6.0.1
  resolution: "universal-user-agent@npm:6.0.1"
  checksum: 10/fdc8e1ae48a05decfc7ded09b62071f571c7fe0bd793d700704c80cea316101d4eac15cc27ed2bb64f4ce166d2684777c3198b9ab16034f547abea0d3aa1c93c
  languageName: node
  linkType: hard

"uuid@npm:8.3.2, uuid@npm:^8.3.2":
  version: 8.3.2
  resolution: "uuid@npm:8.3.2"
  bin:
    uuid: dist/bin/uuid
  checksum: 10/9a5f7aa1d6f56dd1e8d5f2478f855f25c645e64e26e347a98e98d95781d5ed20062d6cca2eecb58ba7c84bc3910be95c0451ef4161906abaab44f9cb68ffbdd1
  languageName: node
  linkType: hard

"validator@npm:^13.9.0":
  version: 13.11.0
  resolution: "validator@npm:13.11.0"
  checksum: 10/4bf094641eb71729c06a42d669840e7189597ba655a8264adabac9bf03f95cd6fde5fbc894b0a13ee861bd4a852f56d2afdc9391aeaeb3fc0f9633a974140e12
  languageName: node
  linkType: hard

"wkx@npm:^0.5.0":
  version: 0.5.0
  resolution: "wkx@npm:0.5.0"
  dependencies:
    "@types/node": "npm:*"
  checksum: 10/b8975e33f9431380eb82707ec39689767f967a8ce362eea5303399618896c983a2dec3ad72fd7273bdf126181c760067519130434344891300ebd54f5d5cbf4a
  languageName: node
  linkType: hard

"wrappy@npm:1":
  version: 1.0.2
  resolution: "wrappy@npm:1.0.2"
  checksum: 10/159da4805f7e84a3d003d8841557196034155008f817172d4e986bd591f74aa82aa7db55929a54222309e01079a65a92a9e6414da5a6aa4b01ee44a511ac3ee5
  languageName: node
  linkType: hard

"ws@npm:8.14.2":
  version: 8.14.2
  resolution: "ws@npm:8.14.2"
  peerDependencies:
    bufferutil: ^4.0.1
    utf-8-validate: ">=5.0.2"
  peerDependenciesMeta:
    bufferutil:
      optional: true
    utf-8-validate:
      optional: true
  checksum: 10/815ff01d9bc20a249b2228825d9739268a03a4408c2e0b14d49b0e2ae89d7f10847e813b587ba26992bdc33e9d03bed131e4cae73ff996baf789d53e99c31186
  languageName: node
  linkType: hard

"ws@npm:^8.14.2":
  version: 8.16.0
  resolution: "ws@npm:8.16.0"
  peerDependencies:
    bufferutil: ^4.0.1
    utf-8-validate: ">=5.0.2"
  peerDependenciesMeta:
    bufferutil:
      optional: true
    utf-8-validate:
      optional: true
  checksum: 10/7c511c59e979bd37b63c3aea4a8e4d4163204f00bd5633c053b05ed67835481995f61a523b0ad2b603566f9a89b34cb4965cb9fab9649fbfebd8f740cea57f17
  languageName: node
  linkType: hard

"xtend@npm:^4.0.0":
  version: 4.0.2
  resolution: "xtend@npm:4.0.2"
  checksum: 10/ac5dfa738b21f6e7f0dd6e65e1b3155036d68104e67e5d5d1bde74892e327d7e5636a076f625599dc394330a731861e87343ff184b0047fef1360a7ec0a5a36a
  languageName: node
  linkType: hard

"yallist@npm:4.0.0, yallist@npm:^4.0.0":
  version: 4.0.0
  resolution: "yallist@npm:4.0.0"
  checksum: 10/4cb02b42b8a93b5cf50caf5d8e9beb409400a8a4d85e83bb0685c1457e9ac0b7a00819e9f5991ac25ffabb56a78e2f017c1acc010b3a1babfe6de690ba531abd
  languageName: node
  linkType: hard
